
Microsoft Visual Studio Solution File, Format Version 12.00
# Visual Studio Version 17
VisualStudioVersion = 17.14.36511.14 d17.14
MinimumVisualStudioVersion = 10.0.40219.1
Project("{8BC9CEB8-8B4A-11D0-8D11-00A0C91BC942}") = "MCPQueueApp", "MCPQueueApp.vcxproj", "{B2CE1447-FEAA-4F7B-9E1D-CE5A3EBC718D}"
EndProject
Global
	GlobalSection(SolutionConfigurationPlatforms) = preSolution
		Debug|x64 = Debug|x64
		Debug|x86 = Debug|x86
		Release|x64 = Release|x64
		Release|x86 = Release|x86
	EndGlobalSection
	GlobalSection(ProjectConfigurationPlatforms) = postSolution
		{B2CE1447-FEAA-4F7B-9E1D-CE5A3EBC718D}.Debug|x64.ActiveCfg = Debug|x64
		{B2CE1447-FEAA-4F7B-9E1D-CE5A3EBC718D}.Debug|x64.Build.0 = Debug|x64
		{B2CE1447-FEAA-4F7B-9E1D-CE5A3EBC718D}.Debug|x86.ActiveCfg = Debug|Win32
		{B2CE1447-FEAA-4F7B-9E1D-CE5A3EBC718D}.Debug|x86.Build.0 = Debug|Win32
		{B2CE1447-FEAA-4F7B-9E1D-CE5A3EBC718D}.Release|x64.ActiveCfg = Release|x64
		{B2CE1447-FEAA-4F7B-9E1D-CE5A3EBC718D}.Release|x64.Build.0 = Release|x64
		{B2CE1447-FEAA-4F7B-9E1D-CE5A3EBC718D}.Release|x86.ActiveCfg = Release|Win32
		{B2CE1447-FEAA-4F7B-9E1D-CE5A3EBC718D}.Release|x86.Build.0 = Release|Win32
	EndGlobalSection
	GlobalSection(SolutionProperties) = preSolution
		HideSolutionNode = FALSE
	EndGlobalSection
	GlobalSection(ExtensibilityGlobals) = postSolution
		SolutionGuid = {F4C49C5D-DF24-4473-A873-EF0739E595D8}
	EndGlobalSection
EndGlobal
